
Microsoft Visual Studio Solution File, Format Version 12.00
# Visual Studio Version 17
VisualStudioVersion = 17.9.34616.47
MinimumVisualStudioVersion = 10.0.40219.1
Project("{FAE04EC0-301F-11D3-BF4B-00C04F79EFBC}") = "IKEA.PL", "IKEA.PL\IKEA.PL.csproj", "{1AECA674-71C9-4803-A734-8A06455218B5}"
EndProject
Project("{FAE04EC0-301F-11D3-BF4B-00C04F79EFBC}") = "IKEA.BLL", "IKEA.BLL\IKEA.BLL.csproj", "{B8D84268-7C94-416C-AA89-333E5441D47C}"
EndProject
Project("{FAE04EC0-301F-11D3-BF4B-00C04F79EFBC}") = "IKEA.DAL", "IKEA.DAL\IKEA.DAL.csproj", "{7F2B69F6-3CF2-46C0-960B-C2E8DCE83BB3}"
EndProject
Global
	GlobalSection(SolutionConfigurationPlatforms) = preSolution
		Debug|Any CPU = Debug|Any CPU
		Release|Any CPU = Release|Any CPU
	EndGlobalSection
	GlobalSection(ProjectConfigurationPlatforms) = postSolution
		{1AECA674-71C9-4803-A734-8A06455218B5}.Debug|Any CPU.ActiveCfg = Debug|Any CPU
		{1AECA674-71C9-4803-A734-8A06455218B5}.Debug|Any CPU.Build.0 = Debug|Any CPU
		{1AECA674-71C9-4803-A734-8A06455218B5}.Release|Any CPU.ActiveCfg = Release|Any CPU
		{1AECA674-71C9-4803-A734-8A06455218B5}.Release|Any CPU.Build.0 = Release|Any CPU
		{B8D84268-7C94-416C-AA89-333E5441D47C}.Debug|Any CPU.ActiveCfg = Debug|Any CPU
		{B8D84268-7C94-416C-AA89-333E5441D47C}.Debug|Any CPU.Build.0 = Debug|Any CPU
		{B8D84268-7C94-416C-AA89-333E5441D47C}.Release|Any CPU.ActiveCfg = Release|Any CPU
		{B8D84268-7C94-416C-AA89-333E5441D47C}.Release|Any CPU.Build.0 = Release|Any CPU
		{7F2B69F6-3CF2-46C0-960B-C2E8DCE83BB3}.Debug|Any CPU.ActiveCfg = Debug|Any CPU
		{7F2B69F6-3CF2-46C0-960B-C2E8DCE83BB3}.Debug|Any CPU.Build.0 = Debug|Any CPU
		{7F2B69F6-3CF2-46C0-960B-C2E8DCE83BB3}.Release|Any CPU.ActiveCfg = Release|Any CPU
		{7F2B69F6-3CF2-46C0-960B-C2E8DCE83BB3}.Release|Any CPU.Build.0 = Release|Any CPU
	EndGlobalSection
	GlobalSection(SolutionProperties) = preSolution
		HideSolutionNode = FALSE
	EndGlobalSection
	GlobalSection(ExtensibilityGlobals) = postSolution
		SolutionGuid = {2E1957AD-C889-4766-9902-38D483989876}
	EndGlobalSection
EndGlobal
